
Microsoft Visual Studio Solution File, Format Version 12.00
# Visual Studio Version 16
VisualStudioVersion = 16.0.31729.503
MinimumVisualStudioVersion = 10.0.40219.1
Project("{FAE04EC0-301F-11D3-BF4B-00C04F79EFBC}") = "OtomasyonProjesi", "OtomasyonProjesi\OtomasyonProjesi.csproj", "{B64D1689-FEF9-44A8-AC3F-8D89C526D879}"
EndProject
Project("{FAE04EC0-301F-11D3-BF4B-00C04F79EFBC}") = "SiparisOtomasyon", "SiparisOtomasyon\SiparisOtomasyon.csproj", "{7615AC74-6CD1-4B90-B19D-39BC32F1FFCD}"
EndProject
Global
	GlobalSection(SolutionConfigurationPlatforms) = preSolution
		Debug|Any CPU = Debug|Any CPU
		Release|Any CPU = Release|Any CPU
	EndGlobalSection
	GlobalSection(ProjectConfigurationPlatforms) = postSolution
		{B64D1689-FEF9-44A8-AC3F-8D89C526D879}.Debug|Any CPU.ActiveCfg = Debug|Any CPU
		{B64D1689-FEF9-44A8-AC3F-8D89C526D879}.Debug|Any CPU.Build.0 = Debug|Any CPU
		{B64D1689-FEF9-44A8-AC3F-8D89C526D879}.Release|Any CPU.ActiveCfg = Release|Any CPU
		{B64D1689-FEF9-44A8-AC3F-8D89C526D879}.Release|Any CPU.Build.0 = Release|Any CPU
		{7615AC74-6CD1-4B90-B19D-39BC32F1FFCD}.Debug|Any CPU.ActiveCfg = Debug|Any CPU
		{7615AC74-6CD1-4B90-B19D-39BC32F1FFCD}.Debug|Any CPU.Build.0 = Debug|Any CPU
		{7615AC74-6CD1-4B90-B19D-39BC32F1FFCD}.Release|Any CPU.ActiveCfg = Release|Any CPU
		{7615AC74-6CD1-4B90-B19D-39BC32F1FFCD}.Release|Any CPU.Build.0 = Release|Any CPU
	EndGlobalSection
	GlobalSection(SolutionProperties) = preSolution
		HideSolutionNode = FALSE
	EndGlobalSection
	GlobalSection(ExtensibilityGlobals) = postSolution
		SolutionGuid = {06DF576F-62AA-498E-9E6B-35F5DA306322}
	EndGlobalSection
EndGlobal
